
Microsoft Visual Studio Solution File, Format Version 12.00
# Visual Studio Version 17
VisualStudioVersion = 17.11.35312.102
MinimumVisualStudioVersion = 10.0.40219.1
Project("{FAE04EC0-301F-11D3-BF4B-00C04F79EFBC}") = "Praani", "Praani\Praani.csproj", "{FAAC5651-4A88-46FF-9A07-C1234663BCA6}"
EndProject
Global
	GlobalSection(SolutionConfigurationPlatforms) = preSolution
		Debug|Any CPU = Debug|Any CPU
		Release|Any CPU = Release|Any CPU
	EndGlobalSection
	GlobalSection(ProjectConfigurationPlatforms) = postSolution
		{FAAC5651-4A88-46FF-9A07-C1234663BCA6}.Debug|Any CPU.ActiveCfg = Debug|Any CPU
		{FAAC5651-4A88-46FF-9A07-C1234663BCA6}.Debug|Any CPU.Build.0 = Debug|Any CPU
		{FAAC5651-4A88-46FF-9A07-C1234663BCA6}.Release|Any CPU.ActiveCfg = Release|Any CPU
		{FAAC5651-4A88-46FF-9A07-C1234663BCA6}.Release|Any CPU.Build.0 = Release|Any CPU
	EndGlobalSection
	GlobalSection(SolutionProperties) = preSolution
		HideSolutionNode = FALSE
	EndGlobalSection
	GlobalSection(ExtensibilityGlobals) = postSolution
		SolutionGuid = {22A1B1E1-8F7E-4FAE-AE35-7408DC112598}
	EndGlobalSection
EndGlobal
